dependencies:
- name: postgresql
  repository: https://kubernetes-charts.storage.googleapis.com/
  version: 8.1.2
- name: redis
  repository: https://kubernetes-charts.storage.googleapis.com/
  version: 9.3.2
digest: sha256:2b2f1563fab08e533c4a5ba42031e7b14301fa450296803efb4aad271921a451
generated: "2020-01-07T10:46:30.169547+01:00"
