dependencies:
- name: postgresql
  repository: https://kubernetes-charts.storage.googleapis.com/
  version: 8.1.2
- name: redis
  repository: https://kubernetes-charts.storage.googleapis.com/
  version: 9.3.2
- name: kong
  repository: https://kubernetes-charts.storage.googleapis.com/
  version: 0.36.1
digest: sha256:7a2d6228ba6ab939f636e3cf64a8ea84fba88edc424cbb0356bcdff0f01be5a4
generated: "2020-01-08T22:29:00.22006+01:00"
