dependencies:
- name: postgresql
  repository: https://charts.bitnami.com/bitnami
  version: 8.6.8
- name: redis
  repository: https://charts.bitnami.com/bitnami
  version: 10.3.5
digest: sha256:c08fb18d0662bb869ca35f49102aa2a5537ad7dac4544316950a504a1e84b75e
generated: "2021-04-24T10:09:34.246883417-04:00"
