dependencies:
- name: postgresql
  repository: https://charts.bitnami.com/bitnami
  version: 8.6.8
- name: redis
  repository: https://charts.bitnami.com/bitnami
  version: 10.3.5
digest: sha256:0d0cc2b013e824ba50e2f211719d2c58478a898d7a0c04d1d501494d6a56eca4
generated: "2020-04-29T21:06:11.982154+02:00"
