dependencies:
- name: postgresql
  repository: https://charts.bitnami.com/bitnami
  version: 8.2.1
- name: redis
  repository: https://charts.bitnami.com/bitnami
  version: 10.3.5
digest: sha256:a96515ff3d6b8fbea48ff5578023d4757a81ee47208a8287999796d4d07d127f
generated: "2020-04-22T18:32:49.457297+02:00"
